
Microsoft Visual Studio Solution File, Format Version 12.00
# Visual Studio Version 17
VisualStudioVersion = 17.5.002.0
MinimumVisualStudioVersion = 10.0.40219.1
Project("{2150E333-8FDC-42A3-9474-1A3956D46DE8}") = "Microsoft Learn", "Microsoft Learn", "{4CCB0F59-99FC-456C-ABD6-54508DC8D8EA}"
EndProject
Project("{9A19103F-16F7-4668-BE54-9A1E7A4F7556}") = "TestProject", "Microsoft Learn\DiceGame\TestProject.csproj", "{C65D1869-F5EB-45F0-86DB-2EE601359B43}"
EndProject
Global
	GlobalSection(SolutionConfigurationPlatforms) = preSolution
		Debug|Any CPU = Debug|Any CPU
		Release|Any CPU = Release|Any CPU
	EndGlobalSection
	GlobalSection(ProjectConfigurationPlatforms) = postSolution
		{C65D1869-F5EB-45F0-86DB-2EE601359B43}.Debug|Any CPU.ActiveCfg = Debug|Any CPU
		{C65D1869-F5EB-45F0-86DB-2EE601359B43}.Debug|Any CPU.Build.0 = Debug|Any CPU
		{C65D1869-F5EB-45F0-86DB-2EE601359B43}.Release|Any CPU.ActiveCfg = Release|Any CPU
		{C65D1869-F5EB-45F0-86DB-2EE601359B43}.Release|Any CPU.Build.0 = Release|Any CPU
	EndGlobalSection
	GlobalSection(SolutionProperties) = preSolution
		HideSolutionNode = FALSE
	EndGlobalSection
	GlobalSection(NestedProjects) = preSolution
		{C65D1869-F5EB-45F0-86DB-2EE601359B43} = {4CCB0F59-99FC-456C-ABD6-54508DC8D8EA}
	EndGlobalSection
	GlobalSection(ExtensibilityGlobals) = postSolution
		SolutionGuid = {9125F670-D941-44C2-A2DD-A1C78186D594}
	EndGlobalSection
EndGlobal
